
Microsoft Visual Studio Solution File, Format Version 12.00
# Visual Studio 15
VisualStudioVersion = 15.0.28010.2003
MinimumVisualStudioVersion = 10.0.40219.1
Project("{9A19103F-16F7-4668-BE54-9A1E7A4F7556}") = "Workshop-Models", "Workshop-Models\Workshop-Models.csproj", "{C34EE6F0-1EF5-4BE9-9834-79302BC756F4}"
EndProject
Project("{9A19103F-16F7-4668-BE54-9A1E7A4F7556}") = "FortuneServiceCore", "FortuneServiceCore\FortuneServiceCore.csproj", "{47A0D7D7-0B90-4C10-8CC4-A6416895E88F}"
EndProject
Project("{9A19103F-16F7-4668-BE54-9A1E7A4F7556}") = "Pivotal-Utilities", "Pivotal-Utilities\Pivotal-Utilities.csproj", "{4AD5AC9A-D0B4-46C0-9DF2-478B7007E852}"
EndProject
Project("{9A19103F-16F7-4668-BE54-9A1E7A4F7556}") = "WebServiceClient", "WebServiceClient\WebServiceClient.csproj", "{62AE7F0B-F6B3-4F6F-B70A-837487E67312}"
EndProject
Project("{9A19103F-16F7-4668-BE54-9A1E7A4F7556}") = "WebUICore", "WebUICore\WebUICore\WebUICore.csproj", "{5F4CA7F3-C41D-4E4B-9467-CC3B6486F483}"
EndProject
Project("{2150E333-8FDC-42A3-9474-1A3956D46DE8}") = "Solution Items", "Solution Items", "{25BB593A-5F40-48DF-90FA-4F3E2DACD8E0}"
	ProjectSection(SolutionItems) = preProject
		scripts\config-server.json = scripts\config-server.json
		scripts\createCloudFoundryServices.cmd = scripts\createCloudFoundryServices.cmd
		scripts\deleteCloudFoundryServices.cmd = scripts\deleteCloudFoundryServices.cmd
	EndProjectSection
EndProject
Project("{9A19103F-16F7-4668-BE54-9A1E7A4F7556}") = "Workshop-Models-Core", "Entity-Framework-Models\Workshop-Models-Core.csproj", "{83E0CED6-5263-4AB4-87C5-993EDA479DA2}"
EndProject
Global
	GlobalSection(SolutionConfigurationPlatforms) = preSolution
		Debug|Any CPU = Debug|Any CPU
		Release|Any CPU = Release|Any CPU
	EndGlobalSection
	GlobalSection(ProjectConfigurationPlatforms) = postSolution
		{C34EE6F0-1EF5-4BE9-9834-79302BC756F4}.Debug|Any CPU.ActiveCfg = Debug|Any CPU
		{C34EE6F0-1EF5-4BE9-9834-79302BC756F4}.Debug|Any CPU.Build.0 = Debug|Any CPU
		{C34EE6F0-1EF5-4BE9-9834-79302BC756F4}.Release|Any CPU.ActiveCfg = Release|Any CPU
		{C34EE6F0-1EF5-4BE9-9834-79302BC756F4}.Release|Any CPU.Build.0 = Release|Any CPU
		{47A0D7D7-0B90-4C10-8CC4-A6416895E88F}.Debug|Any CPU.ActiveCfg = Debug|Any CPU
		{47A0D7D7-0B90-4C10-8CC4-A6416895E88F}.Debug|Any CPU.Build.0 = Debug|Any CPU
		{47A0D7D7-0B90-4C10-8CC4-A6416895E88F}.Release|Any CPU.ActiveCfg = Release|Any CPU
		{47A0D7D7-0B90-4C10-8CC4-A6416895E88F}.Release|Any CPU.Build.0 = Release|Any CPU
		{4AD5AC9A-D0B4-46C0-9DF2-478B7007E852}.Debug|Any CPU.ActiveCfg = Debug|Any CPU
		{4AD5AC9A-D0B4-46C0-9DF2-478B7007E852}.Debug|Any CPU.Build.0 = Debug|Any CPU
		{4AD5AC9A-D0B4-46C0-9DF2-478B7007E852}.Release|Any CPU.ActiveCfg = Release|Any CPU
		{4AD5AC9A-D0B4-46C0-9DF2-478B7007E852}.Release|Any CPU.Build.0 = Release|Any CPU
		{62AE7F0B-F6B3-4F6F-B70A-837487E67312}.Debug|Any CPU.ActiveCfg = Debug|Any CPU
		{62AE7F0B-F6B3-4F6F-B70A-837487E67312}.Debug|Any CPU.Build.0 = Debug|Any CPU
		{62AE7F0B-F6B3-4F6F-B70A-837487E67312}.Release|Any CPU.ActiveCfg = Release|Any CPU
		{62AE7F0B-F6B3-4F6F-B70A-837487E67312}.Release|Any CPU.Build.0 = Release|Any CPU
		{5F4CA7F3-C41D-4E4B-9467-CC3B6486F483}.Debug|Any CPU.ActiveCfg = Debug|Any CPU
		{5F4CA7F3-C41D-4E4B-9467-CC3B6486F483}.Debug|Any CPU.Build.0 = Debug|Any CPU
		{5F4CA7F3-C41D-4E4B-9467-CC3B6486F483}.Release|Any CPU.ActiveCfg = Release|Any CPU
		{5F4CA7F3-C41D-4E4B-9467-CC3B6486F483}.Release|Any CPU.Build.0 = Release|Any CPU
		{83E0CED6-5263-4AB4-87C5-993EDA479DA2}.Debug|Any CPU.ActiveCfg = Debug|Any CPU
		{83E0CED6-5263-4AB4-87C5-993EDA479DA2}.Debug|Any CPU.Build.0 = Debug|Any CPU
		{83E0CED6-5263-4AB4-87C5-993EDA479DA2}.Release|Any CPU.ActiveCfg = Release|Any CPU
		{83E0CED6-5263-4AB4-87C5-993EDA479DA2}.Release|Any CPU.Build.0 = Release|Any CPU
	EndGlobalSection
	GlobalSection(SolutionProperties) = preSolution
		HideSolutionNode = FALSE
	EndGlobalSection
	GlobalSection(ExtensibilityGlobals) = postSolution
		SolutionGuid = {2E54BE98-EF8D-4CD1-BF61-FAF02CD03CEE}
	EndGlobalSection
EndGlobal
